
Microsoft Visual Studio Solution File, Format Version 12.00
# Visual Studio 2012
Project("{FAE04EC0-301F-11D3-BF4B-00C04F79EFBC}") = "QuickWeather.WindowsPhone", "QuickWeather.WindowsPhone\QuickWeather.WindowsPhone.csproj", "{5494F873-5489-47CD-8AB7-D6A4AD9C57C0}"
EndProject
Project("{FAE04EC0-301F-11D3-BF4B-00C04F79EFBC}") = "QuickWeather.Android", "QuickWeather.Android\QuickWeather.Android.csproj", "{DC20E087-99C8-4B02-90A6-BABD402AFB81}"
EndProject
Project("{FAE04EC0-301F-11D3-BF4B-00C04F79EFBC}") = "QuickWeather.iOS", "QuickWeather.iOS\QuickWeather.iOS.csproj", "{C6536564-2C1C-4D9D-B8E3-367AC66FF986}"
EndProject
Project("{2150E333-8FDC-42A3-9474-1A3956D46DE8}") = "User Interface", "User Interface", "{A4F2E93E-0CA2-4E04-A017-617AD1CDD96E}"
EndProject
Project("{2150E333-8FDC-42A3-9474-1A3956D46DE8}") = "Core", "Core", "{4AC27115-5C3E-476D-832E-44241503BF0A}"
EndProject
Project("{FAE04EC0-301F-11D3-BF4B-00C04F79EFBC}") = "QuickWeather.Core.Android", "QuickWeather.Core\QuickWeather.Core.Android.csproj", "{2C6020E7-3211-435C-81FE-F7C0BD88E7CC}"
EndProject
Project("{FAE04EC0-301F-11D3-BF4B-00C04F79EFBC}") = "QuickWeather.Core.iOS", "QuickWeather.Core\QuickWeather.Core.iOS.csproj", "{06262452-7ECA-4292-8602-A4195F2C75F3}"
EndProject
Project("{FAE04EC0-301F-11D3-BF4B-00C04F79EFBC}") = "QuickWeather.Core.WinPhone", "QuickWeather.Core\QuickWeather.Core.WinPhone.csproj", "{347AB8F2-FCC1-4949-9ECA-8F1FD3F44BEE}"
EndProject
Project("{FAE04EC0-301F-11D3-BF4B-00C04F79EFBC}") = "QuickWeather.Core.IntegrationTests", "QuickWeather.Core.IntegrationTests\QuickWeather.Core.IntegrationTests.csproj", "{A48D83BF-B711-496F-866F-AE0013AE60B4}"
EndProject
Project("{2150E333-8FDC-42A3-9474-1A3956D46DE8}") = "Tests", "Tests", "{47CF5974-F819-43F0-BBAD-5FEF870F7FAD}"
EndProject
Project("{FAE04EC0-301F-11D3-BF4B-00C04F79EFBC}") = "QuickWeather.Core.Tests", "QuickWeather.Core.Tests\QuickWeather.Core.Tests.csproj", "{AD41BDB9-41AF-4187-AB55-DD5F204F85FC}"
EndProject
Project("{FAE04EC0-301F-11D3-BF4B-00C04F79EFBC}") = "QuickWeather.Core", "QuickWeather.Core\QuickWeather.Core.csproj", "{06E59B5D-B39E-4FF7-9C78-D8A9676CD15D}"
EndProject
Global
	GlobalSection(SolutionConfigurationPlatforms) = preSolution
		Ad-Hoc|Any CPU = Ad-Hoc|Any CPU
		Ad-Hoc|ARM = Ad-Hoc|ARM
		Ad-Hoc|iPhone = Ad-Hoc|iPhone
		Ad-Hoc|iPhoneSimulator = Ad-Hoc|iPhoneSimulator
		Ad-Hoc|Mixed Platforms = Ad-Hoc|Mixed Platforms
		Ad-Hoc|x86 = Ad-Hoc|x86
		AppStore|Any CPU = AppStore|Any CPU
		AppStore|ARM = AppStore|ARM
		AppStore|iPhone = AppStore|iPhone
		AppStore|iPhoneSimulator = AppStore|iPhoneSimulator
		AppStore|Mixed Platforms = AppStore|Mixed Platforms
		AppStore|x86 = AppStore|x86
		Debug|Any CPU = Debug|Any CPU
		Debug|ARM = Debug|ARM
		Debug|iPhone = Debug|iPhone
		Debug|iPhoneSimulator = Debug|iPhoneSimulator
		Debug|Mixed Platforms = Debug|Mixed Platforms
		Debug|x86 = Debug|x86
		Release|Any CPU = Release|Any CPU
		Release|ARM = Release|ARM
		Release|iPhone = Release|iPhone
		Release|iPhoneSimulator = Release|iPhoneSimulator
		Release|Mixed Platforms = Release|Mixed Platforms
		Release|x86 = Release|x86
	EndGlobalSection
	GlobalSection(ProjectConfigurationPlatforms) = postSolution
		{5494F873-5489-47CD-8AB7-D6A4AD9C57C0}.Ad-Hoc|Any CPU.ActiveCfg = Release|Any CPU
		{5494F873-5489-47CD-8AB7-D6A4AD9C57C0}.Ad-Hoc|Any CPU.Build.0 = Release|Any CPU
		{5494F873-5489-47CD-8AB7-D6A4AD9C57C0}.Ad-Hoc|Any CPU.Deploy.0 = Release|Any CPU
		{5494F873-5489-47CD-8AB7-D6A4AD9C57C0}.Ad-Hoc|ARM.ActiveCfg = Release|ARM
		{5494F873-5489-47CD-8AB7-D6A4AD9C57C0}.Ad-Hoc|ARM.Build.0 = Release|ARM
		{5494F873-5489-47CD-8AB7-D6A4AD9C57C0}.Ad-Hoc|ARM.Deploy.0 = Release|ARM
		{5494F873-5489-47CD-8AB7-D6A4AD9C57C0}.Ad-Hoc|iPhone.ActiveCfg = Release|Any CPU
		{5494F873-5489-47CD-8AB7-D6A4AD9C57C0}.Ad-Hoc|iPhoneSimulator.ActiveCfg = Release|Any CPU
		{5494F873-5489-47CD-8AB7-D6A4AD9C57C0}.Ad-Hoc|Mixed Platforms.ActiveCfg = Release|x86
		{5494F873-5489-47CD-8AB7-D6A4AD9C57C0}.Ad-Hoc|Mixed Platforms.Build.0 = Release|x86
		{5494F873-5489-47CD-8AB7-D6A4AD9C57C0}.Ad-Hoc|Mixed Platforms.Deploy.0 = Release|x86
		{5494F873-5489-47CD-8AB7-D6A4AD9C57C0}.Ad-Hoc|x86.ActiveCfg = Release|x86
		{5494F873-5489-47CD-8AB7-D6A4AD9C57C0}.Ad-Hoc|x86.Build.0 = Release|x86
		{5494F873-5489-47CD-8AB7-D6A4AD9C57C0}.Ad-Hoc|x86.Deploy.0 = Release|x86
		{5494F873-5489-47CD-8AB7-D6A4AD9C57C0}.AppStore|Any CPU.ActiveCfg = Release|Any CPU
		{5494F873-5489-47CD-8AB7-D6A4AD9C57C0}.AppStore|Any CPU.Build.0 = Release|Any CPU
		{5494F873-5489-47CD-8AB7-D6A4AD9C57C0}.AppStore|Any CPU.Deploy.0 = Release|Any CPU
		{5494F873-5489-47CD-8AB7-D6A4AD9C57C0}.AppStore|ARM.ActiveCfg = Release|ARM
		{5494F873-5489-47CD-8AB7-D6A4AD9C57C0}.AppStore|ARM.Build.0 = Release|ARM
		{5494F873-5489-47CD-8AB7-D6A4AD9C57C0}.AppStore|ARM.Deploy.0 = Release|ARM
		{5494F873-5489-47CD-8AB7-D6A4AD9C57C0}.AppStore|iPhone.ActiveCfg = Release|Any CPU
		{5494F873-5489-47CD-8AB7-D6A4AD9C57C0}.AppStore|iPhoneSimulator.ActiveCfg = Release|Any CPU
		{5494F873-5489-47CD-8AB7-D6A4AD9C57C0}.AppStore|Mixed Platforms.ActiveCfg = Release|x86
		{5494F873-5489-47CD-8AB7-D6A4AD9C57C0}.AppStore|Mixed Platforms.Build.0 = Release|x86
		{5494F873-5489-47CD-8AB7-D6A4AD9C57C0}.AppStore|Mixed Platforms.Deploy.0 = Release|x86
		{5494F873-5489-47CD-8AB7-D6A4AD9C57C0}.AppStore|x86.ActiveCfg = Release|x86
		{5494F873-5489-47CD-8AB7-D6A4AD9C57C0}.AppStore|x86.Build.0 = Release|x86
		{5494F873-5489-47CD-8AB7-D6A4AD9C57C0}.AppStore|x86.Deploy.0 = Release|x86
		{5494F873-5489-47CD-8AB7-D6A4AD9C57C0}.Debug|Any CPU.ActiveCfg = Debug|Any CPU
		{5494F873-5489-47CD-8AB7-D6A4AD9C57C0}.Debug|Any CPU.Build.0 = Debug|Any CPU
		{5494F873-5489-47CD-8AB7-D6A4AD9C57C0}.Debug|Any CPU.Deploy.0 = Debug|Any CPU
		{5494F873-5489-47CD-8AB7-D6A4AD9C57C0}.Debug|ARM.ActiveCfg = Debug|ARM
		{5494F873-5489-47CD-8AB7-D6A4AD9C57C0}.Debug|ARM.Build.0 = Debug|ARM
		{5494F873-5489-47CD-8AB7-D6A4AD9C57C0}.Debug|ARM.Deploy.0 = Debug|ARM
		{5494F873-5489-47CD-8AB7-D6A4AD9C57C0}.Debug|iPhone.ActiveCfg = Debug|Any CPU
		{5494F873-5489-47CD-8AB7-D6A4AD9C57C0}.Debug|iPhoneSimulator.ActiveCfg = Debug|Any CPU
		{5494F873-5489-47CD-8AB7-D6A4AD9C57C0}.Debug|Mixed Platforms.ActiveCfg = Debug|x86
		{5494F873-5489-47CD-8AB7-D6A4AD9C57C0}.Debug|Mixed Platforms.Build.0 = Debug|x86
		{5494F873-5489-47CD-8AB7-D6A4AD9C57C0}.Debug|Mixed Platforms.Deploy.0 = Debug|x86
		{5494F873-5489-47CD-8AB7-D6A4AD9C57C0}.Debug|x86.ActiveCfg = Debug|x86
		{5494F873-5489-47CD-8AB7-D6A4AD9C57C0}.Debug|x86.Build.0 = Debug|x86
		{5494F873-5489-47CD-8AB7-D6A4AD9C57C0}.Debug|x86.Deploy.0 = Debug|x86
		{5494F873-5489-47CD-8AB7-D6A4AD9C57C0}.Release|Any CPU.ActiveCfg = Release|Any CPU
		{5494F873-5489-47CD-8AB7-D6A4AD9C57C0}.Release|Any CPU.Build.0 = Release|Any CPU
		{5494F873-5489-47CD-8AB7-D6A4AD9C57C0}.Release|Any CPU.Deploy.0 = Release|Any CPU
		{5494F873-5489-47CD-8AB7-D6A4AD9C57C0}.Release|ARM.ActiveCfg = Release|ARM
		{5494F873-5489-47CD-8AB7-D6A4AD9C57C0}.Release|ARM.Build.0 = Release|ARM
		{5494F873-5489-47CD-8AB7-D6A4AD9C57C0}.Release|ARM.Deploy.0 = Release|ARM
		{5494F873-5489-47CD-8AB7-D6A4AD9C57C0}.Release|iPhone.ActiveCfg = Release|Any CPU
		{5494F873-5489-47CD-8AB7-D6A4AD9C57C0}.Release|iPhoneSimulator.ActiveCfg = Release|Any CPU
		{5494F873-5489-47CD-8AB7-D6A4AD9C57C0}.Release|Mixed Platforms.ActiveCfg = Release|x86
		{5494F873-5489-47CD-8AB7-D6A4AD9C57C0}.Release|Mixed Platforms.Build.0 = Release|x86
		{5494F873-5489-47CD-8AB7-D6A4AD9C57C0}.Release|Mixed Platforms.Deploy.0 = Release|x86
		{5494F873-5489-47CD-8AB7-D6A4AD9C57C0}.Release|x86.ActiveCfg = Release|x86
		{5494F873-5489-47CD-8AB7-D6A4AD9C57C0}.Release|x86.Build.0 = Release|x86
		{5494F873-5489-47CD-8AB7-D6A4AD9C57C0}.Release|x86.Deploy.0 = Release|x86
		{DC20E087-99C8-4B02-90A6-BABD402AFB81}.Ad-Hoc|Any CPU.ActiveCfg = Release|Any CPU
		{DC20E087-99C8-4B02-90A6-BABD402AFB81}.Ad-Hoc|Any CPU.Build.0 = Release|Any CPU
		{DC20E087-99C8-4B02-90A6-BABD402AFB81}.Ad-Hoc|Any CPU.Deploy.0 = Release|Any CPU
		{DC20E087-99C8-4B02-90A6-BABD402AFB81}.Ad-Hoc|ARM.ActiveCfg = Release|Any CPU
		{DC20E087-99C8-4B02-90A6-BABD402AFB81}.Ad-Hoc|iPhone.ActiveCfg = Release|Any CPU
		{DC20E087-99C8-4B02-90A6-BABD402AFB81}.Ad-Hoc|iPhoneSimulator.ActiveCfg = Release|Any CPU
		{DC20E087-99C8-4B02-90A6-BABD402AFB81}.Ad-Hoc|Mixed Platforms.ActiveCfg = Release|Any CPU
		{DC20E087-99C8-4B02-90A6-BABD402AFB81}.Ad-Hoc|Mixed Platforms.Build.0 = Release|Any CPU
		{DC20E087-99C8-4B02-90A6-BABD402AFB81}.Ad-Hoc|Mixed Platforms.Deploy.0 = Release|Any CPU
		{DC20E087-99C8-4B02-90A6-BABD402AFB81}.Ad-Hoc|x86.ActiveCfg = Release|Any CPU
		{DC20E087-99C8-4B02-90A6-BABD402AFB81}.AppStore|Any CPU.ActiveCfg = Release|Any CPU
		{DC20E087-99C8-4B02-90A6-BABD402AFB81}.AppStore|Any CPU.Build.0 = Release|Any CPU
		{DC20E087-99C8-4B02-90A6-BABD402AFB81}.AppStore|Any CPU.Deploy.0 = Release|Any CPU
		{DC20E087-99C8-4B02-90A6-BABD402AFB81}.AppStore|ARM.ActiveCfg = Release|Any CPU
		{DC20E087-99C8-4B02-90A6-BABD402AFB81}.AppStore|iPhone.ActiveCfg = Release|Any CPU
		{DC20E087-99C8-4B02-90A6-BABD402AFB81}.AppStore|iPhoneSimulator.ActiveCfg = Release|Any CPU
		{DC20E087-99C8-4B02-90A6-BABD402AFB81}.AppStore|Mixed Platforms.ActiveCfg = Release|Any CPU
		{DC20E087-99C8-4B02-90A6-BABD402AFB81}.AppStore|Mixed Platforms.Build.0 = Release|Any CPU
		{DC20E087-99C8-4B02-90A6-BABD402AFB81}.AppStore|Mixed Platforms.Deploy.0 = Release|Any CPU
		{DC20E087-99C8-4B02-90A6-BABD402AFB81}.AppStore|x86.ActiveCfg = Release|Any CPU
		{DC20E087-99C8-4B02-90A6-BABD402AFB81}.Debug|Any CPU.ActiveCfg = Debug|Any CPU
		{DC20E087-99C8-4B02-90A6-BABD402AFB81}.Debug|Any CPU.Build.0 = Debug|Any CPU
		{DC20E087-99C8-4B02-90A6-BABD402AFB81}.Debug|Any CPU.Deploy.0 = Debug|Any CPU
		{DC20E087-99C8-4B02-90A6-BABD402AFB81}.Debug|ARM.ActiveCfg = Debug|Any CPU
		{DC20E087-99C8-4B02-90A6-BABD402AFB81}.Debug|ARM.Deploy.0 = Debug|Any CPU
		{DC20E087-99C8-4B02-90A6-BABD402AFB81}.Debug|iPhone.ActiveCfg = Debug|Any CPU
		{DC20E087-99C8-4B02-90A6-BABD402AFB81}.Debug|iPhoneSimulator.ActiveCfg = Debug|Any CPU
		{DC20E087-99C8-4B02-90A6-BABD402AFB81}.Debug|Mixed Platforms.ActiveCfg = Debug|Any CPU
		{DC20E087-99C8-4B02-90A6-BABD402AFB81}.Debug|Mixed Platforms.Build.0 = Debug|Any CPU
		{DC20E087-99C8-4B02-90A6-BABD402AFB81}.Debug|Mixed Platforms.Deploy.0 = Debug|Any CPU
		{DC20E087-99C8-4B02-90A6-BABD402AFB81}.Debug|x86.ActiveCfg = Debug|Any CPU
		{DC20E087-99C8-4B02-90A6-BABD402AFB81}.Release|Any CPU.ActiveCfg = Release|Any CPU
		{DC20E087-99C8-4B02-90A6-BABD402AFB81}.Release|Any CPU.Build.0 = Release|Any CPU
		{DC20E087-99C8-4B02-90A6-BABD402AFB81}.Release|Any CPU.Deploy.0 = Release|Any CPU
		{DC20E087-99C8-4B02-90A6-BABD402AFB81}.Release|ARM.ActiveCfg = Release|Any CPU
		{DC20E087-99C8-4B02-90A6-BABD402AFB81}.Release|iPhone.ActiveCfg = Release|Any CPU
		{DC20E087-99C8-4B02-90A6-BABD402AFB81}.Release|iPhoneSimulator.ActiveCfg = Release|Any CPU
		{DC20E087-99C8-4B02-90A6-BABD402AFB81}.Release|Mixed Platforms.ActiveCfg = Release|Any CPU
		{DC20E087-99C8-4B02-90A6-BABD402AFB81}.Release|Mixed Platforms.Build.0 = Release|Any CPU
		{DC20E087-99C8-4B02-90A6-BABD402AFB81}.Release|Mixed Platforms.Deploy.0 = Release|Any CPU
		{DC20E087-99C8-4B02-90A6-BABD402AFB81}.Release|x86.ActiveCfg = Release|Any CPU
		{C6536564-2C1C-4D9D-B8E3-367AC66FF986}.Ad-Hoc|Any CPU.ActiveCfg = Ad-Hoc|iPhone
		{C6536564-2C1C-4D9D-B8E3-367AC66FF986}.Ad-Hoc|ARM.ActiveCfg = Ad-Hoc|iPhone
		{C6536564-2C1C-4D9D-B8E3-367AC66FF986}.Ad-Hoc|iPhone.ActiveCfg = Ad-Hoc|iPhone
		{C6536564-2C1C-4D9D-B8E3-367AC66FF986}.Ad-Hoc|iPhone.Build.0 = Ad-Hoc|iPhone
		{C6536564-2C1C-4D9D-B8E3-367AC66FF986}.Ad-Hoc|iPhoneSimulator.ActiveCfg = Ad-Hoc|iPhoneSimulator
		{C6536564-2C1C-4D9D-B8E3-367AC66FF986}.Ad-Hoc|iPhoneSimulator.Build.0 = Ad-Hoc|iPhoneSimulator
		{C6536564-2C1C-4D9D-B8E3-367AC66FF986}.Ad-Hoc|Mixed Platforms.ActiveCfg = Ad-Hoc|iPhone
		{C6536564-2C1C-4D9D-B8E3-367AC66FF986}.Ad-Hoc|Mixed Platforms.Build.0 = Ad-Hoc|iPhone
		{C6536564-2C1C-4D9D-B8E3-367AC66FF986}.Ad-Hoc|x86.ActiveCfg = Ad-Hoc|iPhone
		{C6536564-2C1C-4D9D-B8E3-367AC66FF986}.AppStore|Any CPU.ActiveCfg = AppStore|iPhone
		{C6536564-2C1C-4D9D-B8E3-367AC66FF986}.AppStore|ARM.ActiveCfg = AppStore|iPhone
		{C6536564-2C1C-4D9D-B8E3-367AC66FF986}.AppStore|iPhone.ActiveCfg = AppStore|iPhone
		{C6536564-2C1C-4D9D-B8E3-367AC66FF986}.AppStore|iPhone.Build.0 = AppStore|iPhone
		{C6536564-2C1C-4D9D-B8E3-367AC66FF986}.AppStore|iPhoneSimulator.ActiveCfg = AppStore|iPhoneSimulator
		{C6536564-2C1C-4D9D-B8E3-367AC66FF986}.AppStore|iPhoneSimulator.Build.0 = AppStore|iPhoneSimulator
		{C6536564-2C1C-4D9D-B8E3-367AC66FF986}.AppStore|Mixed Platforms.ActiveCfg = AppStore|iPhone
		{C6536564-2C1C-4D9D-B8E3-367AC66FF986}.AppStore|Mixed Platforms.Build.0 = AppStore|iPhone
		{C6536564-2C1C-4D9D-B8E3-367AC66FF986}.AppStore|x86.ActiveCfg = AppStore|iPhone
		{C6536564-2C1C-4D9D-B8E3-367AC66FF986}.Debug|Any CPU.ActiveCfg = Debug|iPhone
		{C6536564-2C1C-4D9D-B8E3-367AC66FF986}.Debug|ARM.ActiveCfg = Debug|iPhone
		{C6536564-2C1C-4D9D-B8E3-367AC66FF986}.Debug|iPhone.ActiveCfg = Debug|iPhone
		{C6536564-2C1C-4D9D-B8E3-367AC66FF986}.Debug|iPhone.Build.0 = Debug|iPhone
		{C6536564-2C1C-4D9D-B8E3-367AC66FF986}.Debug|iPhoneSimulator.ActiveCfg = Debug|iPhoneSimulator
		{C6536564-2C1C-4D9D-B8E3-367AC66FF986}.Debug|iPhoneSimulator.Build.0 = Debug|iPhoneSimulator
		{C6536564-2C1C-4D9D-B8E3-367AC66FF986}.Debug|Mixed Platforms.ActiveCfg = Debug|iPhone
		{C6536564-2C1C-4D9D-B8E3-367AC66FF986}.Debug|Mixed Platforms.Build.0 = Debug|iPhone
		{C6536564-2C1C-4D9D-B8E3-367AC66FF986}.Debug|x86.ActiveCfg = Debug|iPhone
		{C6536564-2C1C-4D9D-B8E3-367AC66FF986}.Release|Any CPU.ActiveCfg = Release|iPhone
		{C6536564-2C1C-4D9D-B8E3-367AC66FF986}.Release|ARM.ActiveCfg = Release|iPhone
		{C6536564-2C1C-4D9D-B8E3-367AC66FF986}.Release|iPhone.ActiveCfg = Release|iPhone
		{C6536564-2C1C-4D9D-B8E3-367AC66FF986}.Release|iPhone.Build.0 = Release|iPhone
		{C6536564-2C1C-4D9D-B8E3-367AC66FF986}.Release|iPhoneSimulator.ActiveCfg = Release|iPhoneSimulator
		{C6536564-2C1C-4D9D-B8E3-367AC66FF986}.Release|iPhoneSimulator.Build.0 = Release|iPhoneSimulator
		{C6536564-2C1C-4D9D-B8E3-367AC66FF986}.Release|Mixed Platforms.ActiveCfg = Release|iPhone
		{C6536564-2C1C-4D9D-B8E3-367AC66FF986}.Release|Mixed Platforms.Build.0 = Release|iPhone
		{C6536564-2C1C-4D9D-B8E3-367AC66FF986}.Release|x86.ActiveCfg = Release|iPhone
		{2C6020E7-3211-435C-81FE-F7C0BD88E7CC}.Ad-Hoc|Any CPU.ActiveCfg = Release|Any CPU
		{2C6020E7-3211-435C-81FE-F7C0BD88E7CC}.Ad-Hoc|Any CPU.Build.0 = Release|Any CPU
		{2C6020E7-3211-435C-81FE-F7C0BD88E7CC}.Ad-Hoc|ARM.ActiveCfg = Release|Any CPU
		{2C6020E7-3211-435C-81FE-F7C0BD88E7CC}.Ad-Hoc|iPhone.ActiveCfg = Release|Any CPU
		{2C6020E7-3211-435C-81FE-F7C0BD88E7CC}.Ad-Hoc|iPhoneSimulator.ActiveCfg = Release|Any CPU
		{2C6020E7-3211-435C-81FE-F7C0BD88E7CC}.Ad-Hoc|Mixed Platforms.ActiveCfg = Release|Any CPU
		{2C6020E7-3211-435C-81FE-F7C0BD88E7CC}.Ad-Hoc|Mixed Platforms.Build.0 = Release|Any CPU
		{2C6020E7-3211-435C-81FE-F7C0BD88E7CC}.Ad-Hoc|x86.ActiveCfg = Release|Any CPU
		{2C6020E7-3211-435C-81FE-F7C0BD88E7CC}.AppStore|Any CPU.ActiveCfg = Release|Any CPU
		{2C6020E7-3211-435C-81FE-F7C0BD88E7CC}.AppStore|Any CPU.Build.0 = Release|Any CPU
		{2C6020E7-3211-435C-81FE-F7C0BD88E7CC}.AppStore|ARM.ActiveCfg = Release|Any CPU
		{2C6020E7-3211-435C-81FE-F7C0BD88E7CC}.AppStore|iPhone.ActiveCfg = Release|Any CPU
		{2C6020E7-3211-435C-81FE-F7C0BD88E7CC}.AppStore|iPhoneSimulator.ActiveCfg = Release|Any CPU
		{2C6020E7-3211-435C-81FE-F7C0BD88E7CC}.AppStore|Mixed Platforms.ActiveCfg = Release|Any CPU
		{2C6020E7-3211-435C-81FE-F7C0BD88E7CC}.AppStore|Mixed Platforms.Build.0 = Release|Any CPU
		{2C6020E7-3211-435C-81FE-F7C0BD88E7CC}.AppStore|x86.ActiveCfg = Release|Any CPU
		{2C6020E7-3211-435C-81FE-F7C0BD88E7CC}.Debug|Any CPU.ActiveCfg = Debug|Any CPU
		{2C6020E7-3211-435C-81FE-F7C0BD88E7CC}.Debug|Any CPU.Build.0 = Debug|Any CPU
		{2C6020E7-3211-435C-81FE-F7C0BD88E7CC}.Debug|ARM.ActiveCfg = Debug|Any CPU
		{2C6020E7-3211-435C-81FE-F7C0BD88E7CC}.Debug|iPhone.ActiveCfg = Debug|Any CPU
		{2C6020E7-3211-435C-81FE-F7C0BD88E7CC}.Debug|iPhoneSimulator.ActiveCfg = Debug|Any CPU
		{2C6020E7-3211-435C-81FE-F7C0BD88E7CC}.Debug|Mixed Platforms.ActiveCfg = Debug|Any CPU
		{2C6020E7-3211-435C-81FE-F7C0BD88E7CC}.Debug|Mixed Platforms.Build.0 = Debug|Any CPU
		{2C6020E7-3211-435C-81FE-F7C0BD88E7CC}.Debug|x86.ActiveCfg = Debug|Any CPU
		{2C6020E7-3211-435C-81FE-F7C0BD88E7CC}.Release|Any CPU.ActiveCfg = Release|Any CPU
		{2C6020E7-3211-435C-81FE-F7C0BD88E7CC}.Release|Any CPU.Build.0 = Release|Any CPU
		{2C6020E7-3211-435C-81FE-F7C0BD88E7CC}.Release|ARM.ActiveCfg = Release|Any CPU
		{2C6020E7-3211-435C-81FE-F7C0BD88E7CC}.Release|iPhone.ActiveCfg = Release|Any CPU
		{2C6020E7-3211-435C-81FE-F7C0BD88E7CC}.Release|iPhoneSimulator.ActiveCfg = Release|Any CPU
		{2C6020E7-3211-435C-81FE-F7C0BD88E7CC}.Release|Mixed Platforms.ActiveCfg = Release|Any CPU
		{2C6020E7-3211-435C-81FE-F7C0BD88E7CC}.Release|Mixed Platforms.Build.0 = Release|Any CPU
		{2C6020E7-3211-435C-81FE-F7C0BD88E7CC}.Release|x86.ActiveCfg = Release|Any CPU
		{06262452-7ECA-4292-8602-A4195F2C75F3}.Ad-Hoc|Any CPU.ActiveCfg = Ad-Hoc|iPhone
		{06262452-7ECA-4292-8602-A4195F2C75F3}.Ad-Hoc|ARM.ActiveCfg = Ad-Hoc|iPhone
		{06262452-7ECA-4292-8602-A4195F2C75F3}.Ad-Hoc|iPhone.ActiveCfg = Ad-Hoc|iPhone
		{06262452-7ECA-4292-8602-A4195F2C75F3}.Ad-Hoc|iPhone.Build.0 = Ad-Hoc|iPhone
		{06262452-7ECA-4292-8602-A4195F2C75F3}.Ad-Hoc|iPhoneSimulator.ActiveCfg = Ad-Hoc|iPhoneSimulator
		{06262452-7ECA-4292-8602-A4195F2C75F3}.Ad-Hoc|iPhoneSimulator.Build.0 = Ad-Hoc|iPhoneSimulator
		{06262452-7ECA-4292-8602-A4195F2C75F3}.Ad-Hoc|Mixed Platforms.ActiveCfg = Ad-Hoc|iPhone
		{06262452-7ECA-4292-8602-A4195F2C75F3}.Ad-Hoc|Mixed Platforms.Build.0 = Ad-Hoc|iPhone
		{06262452-7ECA-4292-8602-A4195F2C75F3}.Ad-Hoc|x86.ActiveCfg = Ad-Hoc|iPhone
		{06262452-7ECA-4292-8602-A4195F2C75F3}.AppStore|Any CPU.ActiveCfg = AppStore|iPhone
		{06262452-7ECA-4292-8602-A4195F2C75F3}.AppStore|ARM.ActiveCfg = AppStore|iPhone
		{06262452-7ECA-4292-8602-A4195F2C75F3}.AppStore|iPhone.ActiveCfg = AppStore|iPhone
		{06262452-7ECA-4292-8602-A4195F2C75F3}.AppStore|iPhone.Build.0 = AppStore|iPhone
		{06262452-7ECA-4292-8602-A4195F2C75F3}.AppStore|iPhoneSimulator.ActiveCfg = AppStore|iPhoneSimulator
		{06262452-7ECA-4292-8602-A4195F2C75F3}.AppStore|iPhoneSimulator.Build.0 = AppStore|iPhoneSimulator
		{06262452-7ECA-4292-8602-A4195F2C75F3}.AppStore|Mixed Platforms.ActiveCfg = AppStore|iPhone
		{06262452-7ECA-4292-8602-A4195F2C75F3}.AppStore|Mixed Platforms.Build.0 = AppStore|iPhone
		{06262452-7ECA-4292-8602-A4195F2C75F3}.AppStore|x86.ActiveCfg = AppStore|iPhone
		{06262452-7ECA-4292-8602-A4195F2C75F3}.Debug|Any CPU.ActiveCfg = Debug|iPhone
		{06262452-7ECA-4292-8602-A4195F2C75F3}.Debug|ARM.ActiveCfg = Debug|iPhone
		{06262452-7ECA-4292-8602-A4195F2C75F3}.Debug|iPhone.ActiveCfg = Debug|iPhone
		{06262452-7ECA-4292-8602-A4195F2C75F3}.Debug|iPhone.Build.0 = Debug|iPhone
		{06262452-7ECA-4292-8602-A4195F2C75F3}.Debug|iPhoneSimulator.ActiveCfg = Debug|iPhoneSimulator
		{06262452-7ECA-4292-8602-A4195F2C75F3}.Debug|iPhoneSimulator.Build.0 = Debug|iPhoneSimulator
		{06262452-7ECA-4292-8602-A4195F2C75F3}.Debug|Mixed Platforms.ActiveCfg = Debug|iPhone
		{06262452-7ECA-4292-8602-A4195F2C75F3}.Debug|Mixed Platforms.Build.0 = Debug|iPhone
		{06262452-7ECA-4292-8602-A4195F2C75F3}.Debug|x86.ActiveCfg = Debug|iPhone
		{06262452-7ECA-4292-8602-A4195F2C75F3}.Release|Any CPU.ActiveCfg = Release|iPhone
		{06262452-7ECA-4292-8602-A4195F2C75F3}.Release|ARM.ActiveCfg = Release|iPhone
		{06262452-7ECA-4292-8602-A4195F2C75F3}.Release|iPhone.ActiveCfg = Release|iPhone
		{06262452-7ECA-4292-8602-A4195F2C75F3}.Release|iPhone.Build.0 = Release|iPhone
		{06262452-7ECA-4292-8602-A4195F2C75F3}.Release|iPhoneSimulator.ActiveCfg = Release|iPhoneSimulator
		{06262452-7ECA-4292-8602-A4195F2C75F3}.Release|iPhoneSimulator.Build.0 = Release|iPhoneSimulator
		{06262452-7ECA-4292-8602-A4195F2C75F3}.Release|Mixed Platforms.ActiveCfg = Release|iPhone
		{06262452-7ECA-4292-8602-A4195F2C75F3}.Release|Mixed Platforms.Build.0 = Release|iPhone
		{06262452-7ECA-4292-8602-A4195F2C75F3}.Release|x86.ActiveCfg = Release|iPhone
		{347AB8F2-FCC1-4949-9ECA-8F1FD3F44BEE}.Ad-Hoc|Any CPU.ActiveCfg = Release|Any CPU
		{347AB8F2-FCC1-4949-9ECA-8F1FD3F44BEE}.Ad-Hoc|Any CPU.Build.0 = Release|Any CPU
		{347AB8F2-FCC1-4949-9ECA-8F1FD3F44BEE}.Ad-Hoc|ARM.ActiveCfg = Release|ARM
		{347AB8F2-FCC1-4949-9ECA-8F1FD3F44BEE}.Ad-Hoc|ARM.Build.0 = Release|ARM
		{347AB8F2-FCC1-4949-9ECA-8F1FD3F44BEE}.Ad-Hoc|iPhone.ActiveCfg = Release|Any CPU
		{347AB8F2-FCC1-4949-9ECA-8F1FD3F44BEE}.Ad-Hoc|iPhoneSimulator.ActiveCfg = Release|Any CPU
		{347AB8F2-FCC1-4949-9ECA-8F1FD3F44BEE}.Ad-Hoc|Mixed Platforms.ActiveCfg = Release|x86
		{347AB8F2-FCC1-4949-9ECA-8F1FD3F44BEE}.Ad-Hoc|Mixed Platforms.Build.0 = Release|x86
		{347AB8F2-FCC1-4949-9ECA-8F1FD3F44BEE}.Ad-Hoc|x86.ActiveCfg = Release|x86
		{347AB8F2-FCC1-4949-9ECA-8F1FD3F44BEE}.Ad-Hoc|x86.Build.0 = Release|x86
		{347AB8F2-FCC1-4949-9ECA-8F1FD3F44BEE}.AppStore|Any CPU.ActiveCfg = Release|Any CPU
		{347AB8F2-FCC1-4949-9ECA-8F1FD3F44BEE}.AppStore|Any CPU.Build.0 = Release|Any CPU
		{347AB8F2-FCC1-4949-9ECA-8F1FD3F44BEE}.AppStore|ARM.ActiveCfg = Release|ARM
		{347AB8F2-FCC1-4949-9ECA-8F1FD3F44BEE}.AppStore|ARM.Build.0 = Release|ARM
		{347AB8F2-FCC1-4949-9ECA-8F1FD3F44BEE}.AppStore|iPhone.ActiveCfg = Release|Any CPU
		{347AB8F2-FCC1-4949-9ECA-8F1FD3F44BEE}.AppStore|iPhoneSimulator.ActiveCfg = Release|Any CPU
		{347AB8F2-FCC1-4949-9ECA-8F1FD3F44BEE}.AppStore|Mixed Platforms.ActiveCfg = Release|x86
		{347AB8F2-FCC1-4949-9ECA-8F1FD3F44BEE}.AppStore|Mixed Platforms.Build.0 = Release|x86
		{347AB8F2-FCC1-4949-9ECA-8F1FD3F44BEE}.AppStore|x86.ActiveCfg = Release|x86
		{347AB8F2-FCC1-4949-9ECA-8F1FD3F44BEE}.AppStore|x86.Build.0 = Release|x86
		{347AB8F2-FCC1-4949-9ECA-8F1FD3F44BEE}.Debug|Any CPU.ActiveCfg = Debug|Any CPU
		{347AB8F2-FCC1-4949-9ECA-8F1FD3F44BEE}.Debug|Any CPU.Build.0 = Debug|Any CPU
		{347AB8F2-FCC1-4949-9ECA-8F1FD3F44BEE}.Debug|ARM.ActiveCfg = Debug|ARM
		{347AB8F2-FCC1-4949-9ECA-8F1FD3F44BEE}.Debug|ARM.Build.0 = Debug|ARM
		{347AB8F2-FCC1-4949-9ECA-8F1FD3F44BEE}.Debug|iPhone.ActiveCfg = Debug|Any CPU
		{347AB8F2-FCC1-4949-9ECA-8F1FD3F44BEE}.Debug|iPhoneSimulator.ActiveCfg = Debug|Any CPU
		{347AB8F2-FCC1-4949-9ECA-8F1FD3F44BEE}.Debug|Mixed Platforms.ActiveCfg = Debug|x86
		{347AB8F2-FCC1-4949-9ECA-8F1FD3F44BEE}.Debug|Mixed Platforms.Build.0 = Debug|x86
		{347AB8F2-FCC1-4949-9ECA-8F1FD3F44BEE}.Debug|x86.ActiveCfg = Debug|x86
		{347AB8F2-FCC1-4949-9ECA-8F1FD3F44BEE}.Debug|x86.Build.0 = Debug|x86
		{347AB8F2-FCC1-4949-9ECA-8F1FD3F44BEE}.Release|Any CPU.ActiveCfg = Release|Any CPU
		{347AB8F2-FCC1-4949-9ECA-8F1FD3F44BEE}.Release|Any CPU.Build.0 = Release|Any CPU
		{347AB8F2-FCC1-4949-9ECA-8F1FD3F44BEE}.Release|ARM.ActiveCfg = Release|ARM
		{347AB8F2-FCC1-4949-9ECA-8F1FD3F44BEE}.Release|ARM.Build.0 = Release|ARM
		{347AB8F2-FCC1-4949-9ECA-8F1FD3F44BEE}.Release|iPhone.ActiveCfg = Release|Any CPU
		{347AB8F2-FCC1-4949-9ECA-8F1FD3F44BEE}.Release|iPhoneSimulator.ActiveCfg = Release|Any CPU
		{347AB8F2-FCC1-4949-9ECA-8F1FD3F44BEE}.Release|Mixed Platforms.ActiveCfg = Release|x86
		{347AB8F2-FCC1-4949-9ECA-8F1FD3F44BEE}.Release|Mixed Platforms.Build.0 = Release|x86
		{347AB8F2-FCC1-4949-9ECA-8F1FD3F44BEE}.Release|x86.ActiveCfg = Release|x86
		{347AB8F2-FCC1-4949-9ECA-8F1FD3F44BEE}.Release|x86.Build.0 = Release|x86
		{A48D83BF-B711-496F-866F-AE0013AE60B4}.Ad-Hoc|Any CPU.ActiveCfg = Release|Any CPU
		{A48D83BF-B711-496F-866F-AE0013AE60B4}.Ad-Hoc|Any CPU.Build.0 = Release|Any CPU
		{A48D83BF-B711-496F-866F-AE0013AE60B4}.Ad-Hoc|ARM.ActiveCfg = Release|Any CPU
		{A48D83BF-B711-496F-866F-AE0013AE60B4}.Ad-Hoc|iPhone.ActiveCfg = Release|Any CPU
		{A48D83BF-B711-496F-866F-AE0013AE60B4}.Ad-Hoc|iPhoneSimulator.ActiveCfg = Release|Any CPU
		{A48D83BF-B711-496F-866F-AE0013AE60B4}.Ad-Hoc|Mixed Platforms.ActiveCfg = Release|Any CPU
		{A48D83BF-B711-496F-866F-AE0013AE60B4}.Ad-Hoc|Mixed Platforms.Build.0 = Release|Any CPU
		{A48D83BF-B711-496F-866F-AE0013AE60B4}.Ad-Hoc|x86.ActiveCfg = Release|Any CPU
		{A48D83BF-B711-496F-866F-AE0013AE60B4}.AppStore|Any CPU.ActiveCfg = Release|Any CPU
		{A48D83BF-B711-496F-866F-AE0013AE60B4}.AppStore|Any CPU.Build.0 = Release|Any CPU
		{A48D83BF-B711-496F-866F-AE0013AE60B4}.AppStore|ARM.ActiveCfg = Release|Any CPU
		{A48D83BF-B711-496F-866F-AE0013AE60B4}.AppStore|iPhone.ActiveCfg = Release|Any CPU
		{A48D83BF-B711-496F-866F-AE0013AE60B4}.AppStore|iPhoneSimulator.ActiveCfg = Release|Any CPU
		{A48D83BF-B711-496F-866F-AE0013AE60B4}.AppStore|Mixed Platforms.ActiveCfg = Release|Any CPU
		{A48D83BF-B711-496F-866F-AE0013AE60B4}.AppStore|Mixed Platforms.Build.0 = Release|Any CPU
		{A48D83BF-B711-496F-866F-AE0013AE60B4}.AppStore|x86.ActiveCfg = Release|Any CPU
		{A48D83BF-B711-496F-866F-AE0013AE60B4}.Debug|Any CPU.ActiveCfg = Debug|Any CPU
		{A48D83BF-B711-496F-866F-AE0013AE60B4}.Debug|Any CPU.Build.0 = Debug|Any CPU
		{A48D83BF-B711-496F-866F-AE0013AE60B4}.Debug|ARM.ActiveCfg = Debug|Any CPU
		{A48D83BF-B711-496F-866F-AE0013AE60B4}.Debug|iPhone.ActiveCfg = Debug|Any CPU
		{A48D83BF-B711-496F-866F-AE0013AE60B4}.Debug|iPhoneSimulator.ActiveCfg = Debug|Any CPU
		{A48D83BF-B711-496F-866F-AE0013AE60B4}.Debug|Mixed Platforms.ActiveCfg = Debug|Any CPU
		{A48D83BF-B711-496F-866F-AE0013AE60B4}.Debug|Mixed Platforms.Build.0 = Debug|Any CPU
		{A48D83BF-B711-496F-866F-AE0013AE60B4}.Debug|x86.ActiveCfg = Debug|Any CPU
		{A48D83BF-B711-496F-866F-AE0013AE60B4}.Release|Any CPU.ActiveCfg = Release|Any CPU
		{A48D83BF-B711-496F-866F-AE0013AE60B4}.Release|Any CPU.Build.0 = Release|Any CPU
		{A48D83BF-B711-496F-866F-AE0013AE60B4}.Release|ARM.ActiveCfg = Release|Any CPU
		{A48D83BF-B711-496F-866F-AE0013AE60B4}.Release|iPhone.ActiveCfg = Release|Any CPU
		{A48D83BF-B711-496F-866F-AE0013AE60B4}.Release|iPhoneSimulator.ActiveCfg = Release|Any CPU
		{A48D83BF-B711-496F-866F-AE0013AE60B4}.Release|Mixed Platforms.ActiveCfg = Release|Any CPU
		{A48D83BF-B711-496F-866F-AE0013AE60B4}.Release|Mixed Platforms.Build.0 = Release|Any CPU
		{A48D83BF-B711-496F-866F-AE0013AE60B4}.Release|x86.ActiveCfg = Release|Any CPU
		{AD41BDB9-41AF-4187-AB55-DD5F204F85FC}.Ad-Hoc|Any CPU.ActiveCfg = Release|Any CPU
		{AD41BDB9-41AF-4187-AB55-DD5F204F85FC}.Ad-Hoc|Any CPU.Build.0 = Release|Any CPU
		{AD41BDB9-41AF-4187-AB55-DD5F204F85FC}.Ad-Hoc|ARM.ActiveCfg = Release|Any CPU
		{AD41BDB9-41AF-4187-AB55-DD5F204F85FC}.Ad-Hoc|iPhone.ActiveCfg = Release|Any CPU
		{AD41BDB9-41AF-4187-AB55-DD5F204F85FC}.Ad-Hoc|iPhoneSimulator.ActiveCfg = Release|Any CPU
		{AD41BDB9-41AF-4187-AB55-DD5F204F85FC}.Ad-Hoc|Mixed Platforms.ActiveCfg = Release|Any CPU
		{AD41BDB9-41AF-4187-AB55-DD5F204F85FC}.Ad-Hoc|Mixed Platforms.Build.0 = Release|Any CPU
		{AD41BDB9-41AF-4187-AB55-DD5F204F85FC}.Ad-Hoc|x86.ActiveCfg = Release|Any CPU
		{AD41BDB9-41AF-4187-AB55-DD5F204F85FC}.AppStore|Any CPU.ActiveCfg = Release|Any CPU
		{AD41BDB9-41AF-4187-AB55-DD5F204F85FC}.AppStore|Any CPU.Build.0 = Release|Any CPU
		{AD41BDB9-41AF-4187-AB55-DD5F204F85FC}.AppStore|ARM.ActiveCfg = Release|Any CPU
		{AD41BDB9-41AF-4187-AB55-DD5F204F85FC}.AppStore|iPhone.ActiveCfg = Release|Any CPU
		{AD41BDB9-41AF-4187-AB55-DD5F204F85FC}.AppStore|iPhoneSimulator.ActiveCfg = Release|Any CPU
		{AD41BDB9-41AF-4187-AB55-DD5F204F85FC}.AppStore|Mixed Platforms.ActiveCfg = Release|Any CPU
		{AD41BDB9-41AF-4187-AB55-DD5F204F85FC}.AppStore|Mixed Platforms.Build.0 = Release|Any CPU
		{AD41BDB9-41AF-4187-AB55-DD5F204F85FC}.AppStore|x86.ActiveCfg = Release|Any CPU
		{AD41BDB9-41AF-4187-AB55-DD5F204F85FC}.Debug|Any CPU.ActiveCfg = Debug|Any CPU
		{AD41BDB9-41AF-4187-AB55-DD5F204F85FC}.Debug|Any CPU.Build.0 = Debug|Any CPU
		{AD41BDB9-41AF-4187-AB55-DD5F204F85FC}.Debug|ARM.ActiveCfg = Debug|Any CPU
		{AD41BDB9-41AF-4187-AB55-DD5F204F85FC}.Debug|iPhone.ActiveCfg = Debug|Any CPU
		{AD41BDB9-41AF-4187-AB55-DD5F204F85FC}.Debug|iPhoneSimulator.ActiveCfg = Debug|Any CPU
		{AD41BDB9-41AF-4187-AB55-DD5F204F85FC}.Debug|Mixed Platforms.ActiveCfg = Debug|Any CPU
		{AD41BDB9-41AF-4187-AB55-DD5F204F85FC}.Debug|Mixed Platforms.Build.0 = Debug|Any CPU
		{AD41BDB9-41AF-4187-AB55-DD5F204F85FC}.Debug|x86.ActiveCfg = Debug|Any CPU
		{AD41BDB9-41AF-4187-AB55-DD5F204F85FC}.Release|Any CPU.ActiveCfg = Release|Any CPU
		{AD41BDB9-41AF-4187-AB55-DD5F204F85FC}.Release|Any CPU.Build.0 = Release|Any CPU
		{AD41BDB9-41AF-4187-AB55-DD5F204F85FC}.Release|ARM.ActiveCfg = Release|Any CPU
		{AD41BDB9-41AF-4187-AB55-DD5F204F85FC}.Release|iPhone.ActiveCfg = Release|Any CPU
		{AD41BDB9-41AF-4187-AB55-DD5F204F85FC}.Release|iPhoneSimulator.ActiveCfg = Release|Any CPU
		{AD41BDB9-41AF-4187-AB55-DD5F204F85FC}.Release|Mixed Platforms.ActiveCfg = Release|Any CPU
		{AD41BDB9-41AF-4187-AB55-DD5F204F85FC}.Release|Mixed Platforms.Build.0 = Release|Any CPU
		{AD41BDB9-41AF-4187-AB55-DD5F204F85FC}.Release|x86.ActiveCfg = Release|Any CPU
		{06E59B5D-B39E-4FF7-9C78-D8A9676CD15D}.Ad-Hoc|Any CPU.ActiveCfg = Release|Any CPU
		{06E59B5D-B39E-4FF7-9C78-D8A9676CD15D}.Ad-Hoc|Any CPU.Build.0 = Release|Any CPU
		{06E59B5D-B39E-4FF7-9C78-D8A9676CD15D}.Ad-Hoc|ARM.ActiveCfg = Release|Any CPU
		{06E59B5D-B39E-4FF7-9C78-D8A9676CD15D}.Ad-Hoc|iPhone.ActiveCfg = Release|Any CPU
		{06E59B5D-B39E-4FF7-9C78-D8A9676CD15D}.Ad-Hoc|iPhoneSimulator.ActiveCfg = Release|Any CPU
		{06E59B5D-B39E-4FF7-9C78-D8A9676CD15D}.Ad-Hoc|Mixed Platforms.ActiveCfg = Release|Any CPU
		{06E59B5D-B39E-4FF7-9C78-D8A9676CD15D}.Ad-Hoc|Mixed Platforms.Build.0 = Release|Any CPU
		{06E59B5D-B39E-4FF7-9C78-D8A9676CD15D}.Ad-Hoc|x86.ActiveCfg = Release|Any CPU
		{06E59B5D-B39E-4FF7-9C78-D8A9676CD15D}.AppStore|Any CPU.ActiveCfg = Release|Any CPU
		{06E59B5D-B39E-4FF7-9C78-D8A9676CD15D}.AppStore|Any CPU.Build.0 = Release|Any CPU
		{06E59B5D-B39E-4FF7-9C78-D8A9676CD15D}.AppStore|ARM.ActiveCfg = Release|Any CPU
		{06E59B5D-B39E-4FF7-9C78-D8A9676CD15D}.AppStore|iPhone.ActiveCfg = Release|Any CPU
		{06E59B5D-B39E-4FF7-9C78-D8A9676CD15D}.AppStore|iPhoneSimulator.ActiveCfg = Release|Any CPU
		{06E59B5D-B39E-4FF7-9C78-D8A9676CD15D}.AppStore|Mixed Platforms.ActiveCfg = Release|Any CPU
		{06E59B5D-B39E-4FF7-9C78-D8A9676CD15D}.AppStore|Mixed Platforms.Build.0 = Release|Any CPU
		{06E59B5D-B39E-4FF7-9C78-D8A9676CD15D}.AppStore|x86.ActiveCfg = Release|Any CPU
		{06E59B5D-B39E-4FF7-9C78-D8A9676CD15D}.Debug|Any CPU.ActiveCfg = Debug|Any CPU
		{06E59B5D-B39E-4FF7-9C78-D8A9676CD15D}.Debug|Any CPU.Build.0 = Debug|Any CPU
		{06E59B5D-B39E-4FF7-9C78-D8A9676CD15D}.Debug|ARM.ActiveCfg = Debug|Any CPU
		{06E59B5D-B39E-4FF7-9C78-D8A9676CD15D}.Debug|iPhone.ActiveCfg = Debug|Any CPU
		{06E59B5D-B39E-4FF7-9C78-D8A9676CD15D}.Debug|iPhoneSimulator.ActiveCfg = Debug|Any CPU
		{06E59B5D-B39E-4FF7-9C78-D8A9676CD15D}.Debug|Mixed Platforms.ActiveCfg = Debug|Any CPU
		{06E59B5D-B39E-4FF7-9C78-D8A9676CD15D}.Debug|Mixed Platforms.Build.0 = Debug|Any CPU
		{06E59B5D-B39E-4FF7-9C78-D8A9676CD15D}.Debug|x86.ActiveCfg = Debug|Any CPU
		{06E59B5D-B39E-4FF7-9C78-D8A9676CD15D}.Release|Any CPU.ActiveCfg = Release|Any CPU
		{06E59B5D-B39E-4FF7-9C78-D8A9676CD15D}.Release|Any CPU.Build.0 = Release|Any CPU
		{06E59B5D-B39E-4FF7-9C78-D8A9676CD15D}.Release|ARM.ActiveCfg = Release|Any CPU
		{06E59B5D-B39E-4FF7-9C78-D8A9676CD15D}.Release|iPhone.ActiveCfg = Release|Any CPU
		{06E59B5D-B39E-4FF7-9C78-D8A9676CD15D}.Release|iPhoneSimulator.ActiveCfg = Release|Any CPU
		{06E59B5D-B39E-4FF7-9C78-D8A9676CD15D}.Release|Mixed Platforms.ActiveCfg = Release|Any CPU
		{06E59B5D-B39E-4FF7-9C78-D8A9676CD15D}.Release|Mixed Platforms.Build.0 = Release|Any CPU
		{06E59B5D-B39E-4FF7-9C78-D8A9676CD15D}.Release|x86.ActiveCfg = Release|Any CPU
	EndGlobalSection
	GlobalSection(SolutionProperties) = preSolution
		HideSolutionNode = FALSE
	EndGlobalSection
	GlobalSection(NestedProjects) = preSolution
		{DC20E087-99C8-4B02-90A6-BABD402AFB81} = {A4F2E93E-0CA2-4E04-A017-617AD1CDD96E}
		{C6536564-2C1C-4D9D-B8E3-367AC66FF986} = {A4F2E93E-0CA2-4E04-A017-617AD1CDD96E}
		{5494F873-5489-47CD-8AB7-D6A4AD9C57C0} = {A4F2E93E-0CA2-4E04-A017-617AD1CDD96E}
		{2C6020E7-3211-435C-81FE-F7C0BD88E7CC} = {4AC27115-5C3E-476D-832E-44241503BF0A}
		{06262452-7ECA-4292-8602-A4195F2C75F3} = {4AC27115-5C3E-476D-832E-44241503BF0A}
		{347AB8F2-FCC1-4949-9ECA-8F1FD3F44BEE} = {4AC27115-5C3E-476D-832E-44241503BF0A}
		{06E59B5D-B39E-4FF7-9C78-D8A9676CD15D} = {4AC27115-5C3E-476D-832E-44241503BF0A}
		{A48D83BF-B711-496F-866F-AE0013AE60B4} = {47CF5974-F819-43F0-BBAD-5FEF870F7FAD}
		{AD41BDB9-41AF-4187-AB55-DD5F204F85FC} = {47CF5974-F819-43F0-BBAD-5FEF870F7FAD}
	EndGlobalSection
	GlobalSection(MonoDevelopProperties) = preSolution
		StartupItem = QuickWeather.Model\QuickWeather.Model.csproj
	EndGlobalSection
EndGlobal
